
Microsoft Visual Studio Solution File, Format Version 12.00
# Visual Studio Version 17
VisualStudioVersion = 17.14.36429.23
MinimumVisualStudioVersion = 10.0.40219.1
Project("{2150E333-8FDC-42A3-9474-1A3956D46DE8}") = "Task0", "Task0", "{02EA681E-C7D8-13C7-8484-4AC65E1B71E8}"
EndProject
Project("{FAE04EC0-301F-11D3-BF4B-00C04F79EFBC}") = "Tyuiu.VolkovNS.Sprint1.Task0.V9", "Tyuiu.VolkovNS.Sprint1.Task0.V9\Tyuiu.VolkovNS.Sprint1.Task0.V9.csproj", "{FE5A84CD-C93D-4AA9-8974-35E84F4F5896}"
EndProject
Project("{FAE04EC0-301F-11D3-BF4B-00C04F79EFBC}") = "Tyuiu.VolkovNS.Sprint1.Task0.V9.Test", "Tyuiu.VolkovNS.Sprint1.Task0.V9.Test\Tyuiu.VolkovNS.Sprint1.Task0.V9.Test.csproj", "{D6C834E1-0B2F-421A-A26B-7B7DBF050BC6}"
EndProject
Project("{FAE04EC0-301F-11D3-BF4B-00C04F79EFBC}") = "Tyuiu.VolkovNS.Sprint1.Task0.V9.Lib", "Tyuiu.VolkovNS.Sprint1.Task0.V9.Lib\Tyuiu.VolkovNS.Sprint1.Task0.V9.Lib.csproj", "{FB4DBBC2-12A4-4953-B345-C55BD5FE3B3B}"
EndProject
Global
	GlobalSection(SolutionConfigurationPlatforms) = preSolution
		Debug|Any CPU = Debug|Any CPU
		Release|Any CPU = Release|Any CPU
	EndGlobalSection
	GlobalSection(ProjectConfigurationPlatforms) = postSolution
		{FE5A84CD-C93D-4AA9-8974-35E84F4F5896}.Debug|Any CPU.ActiveCfg = Debug|Any CPU
		{FE5A84CD-C93D-4AA9-8974-35E84F4F5896}.Debug|Any CPU.Build.0 = Debug|Any CPU
		{FE5A84CD-C93D-4AA9-8974-35E84F4F5896}.Release|Any CPU.ActiveCfg = Release|Any CPU
		{FE5A84CD-C93D-4AA9-8974-35E84F4F5896}.Release|Any CPU.Build.0 = Release|Any CPU
		{D6C834E1-0B2F-421A-A26B-7B7DBF050BC6}.Debug|Any CPU.ActiveCfg = Debug|Any CPU
		{D6C834E1-0B2F-421A-A26B-7B7DBF050BC6}.Debug|Any CPU.Build.0 = Debug|Any CPU
		{D6C834E1-0B2F-421A-A26B-7B7DBF050BC6}.Release|Any CPU.ActiveCfg = Release|Any CPU
		{D6C834E1-0B2F-421A-A26B-7B7DBF050BC6}.Release|Any CPU.Build.0 = Release|Any CPU
		{FB4DBBC2-12A4-4953-B345-C55BD5FE3B3B}.Debug|Any CPU.ActiveCfg = Debug|Any CPU
		{FB4DBBC2-12A4-4953-B345-C55BD5FE3B3B}.Debug|Any CPU.Build.0 = Debug|Any CPU
		{FB4DBBC2-12A4-4953-B345-C55BD5FE3B3B}.Release|Any CPU.ActiveCfg = Release|Any CPU
		{FB4DBBC2-12A4-4953-B345-C55BD5FE3B3B}.Release|Any CPU.Build.0 = Release|Any CPU
	EndGlobalSection
	GlobalSection(SolutionProperties) = preSolution
		HideSolutionNode = FALSE
	EndGlobalSection
	GlobalSection(NestedProjects) = preSolution
		{FE5A84CD-C93D-4AA9-8974-35E84F4F5896} = {02EA681E-C7D8-13C7-8484-4AC65E1B71E8}
		{D6C834E1-0B2F-421A-A26B-7B7DBF050BC6} = {02EA681E-C7D8-13C7-8484-4AC65E1B71E8}
		{FB4DBBC2-12A4-4953-B345-C55BD5FE3B3B} = {02EA681E-C7D8-13C7-8484-4AC65E1B71E8}
	EndGlobalSection
	GlobalSection(ExtensibilityGlobals) = postSolution
		SolutionGuid = {DCEA8451-F0CD-478E-98A7-AA0F3F33D652}
	EndGlobalSection
EndGlobal
