
Microsoft Visual Studio Solution File, Format Version 12.00
# Visual Studio Version 17
VisualStudioVersion = 17.14.36429.23
MinimumVisualStudioVersion = 10.0.40219.1
Project("{2150E333-8FDC-42A3-9474-1A3956D46DE8}") = "Task0", "Task0", "{02EA681E-C7D8-13C7-8484-4AC65E1B71E8}"
EndProject
Project("{FAE04EC0-301F-11D3-BF4B-00C04F79EFBC}") = "Tyuiu.VolkovNS.Sprint1.Task0.V9", "Tyuiu.VolkovNS.Sprint1.Task0.V9\Tyuiu.VolkovNS.Sprint1.Task0.V9.csproj", "{FE5A84CD-C93D-4AA9-8974-35E84F4F5896}"
EndProject
Project("{FAE04EC0-301F-11D3-BF4B-00C04F79EFBC}") = "Tyuiu.VolkovNS.Sprint1.Task0.V9.Test", "Tyuiu.VolkovNS.Sprint1.Task0.V9.Test\Tyuiu.VolkovNS.Sprint1.Task0.V9.Test.csproj", "{D6C834E1-0B2F-421A-A26B-7B7DBF050BC6}"
EndProject
Project("{FAE04EC0-301F-11D3-BF4B-00C04F79EFBC}") = "Tyuiu.VolkovNS.Sprint1.Task0.V9.Lib", "Tyuiu.VolkovNS.Sprint1.Task0.V9.Lib\Tyuiu.VolkovNS.Sprint1.Task0.V9.Lib.csproj", "{FB4DBBC2-12A4-4953-B345-C55BD5FE3B3B}"
EndProject
Project("{2150E333-8FDC-42A3-9474-1A3956D46DE8}") = "Task1", "Task1", "{EE280B4A-FF4A-4064-B75F-B5604C7C63CC}"
EndProject
Project("{FAE04EC0-301F-11D3-BF4B-00C04F79EFBC}") = "Tyuiu.VolkovNS.Sprint1.Task1.V16", "Tyuiu.VolkovNS.Sprint1.Task1.V16\Tyuiu.VolkovNS.Sprint1.Task1.V16.csproj", "{DE7F186C-24D2-4248-8901-3802F54B3B89}"
EndProject
Project("{FAE04EC0-301F-11D3-BF4B-00C04F79EFBC}") = "Tyuiu.VolkovNS.Sprint1.Task1.V16.Lib", "Tyuiu.VolkovNS.Sprint1.Task1.V16.Lib\Tyuiu.VolkovNS.Sprint1.Task1.V16.Lib.csproj", "{554C28F8-892A-4CBF-B297-84C27F6A8396}"
EndProject
Project("{FAE04EC0-301F-11D3-BF4B-00C04F79EFBC}") = "Tyuiu.VolkovNS.Sprint1.Task1.V16.Test", "Tyuiu.VolkovNS.Sprint1.Task1.V16.Test\Tyuiu.VolkovNS.Sprint1.Task1.V16.Test.csproj", "{A4B22D69-A973-4EBF-A62F-8E4104DD7F89}"
EndProject
Project("{2150E333-8FDC-42A3-9474-1A3956D46DE8}") = "Task2", "Task2", "{07C7AD8E-1AAF-4C03-BA64-580E5EB3E961}"
EndProject
Project("{FAE04EC0-301F-11D3-BF4B-00C04F79EFBC}") = "Tyuiu.VolkovNS.Sprint1.Task2.V11", "Tyuiu.VolkovNS.Sprint1.Task2.V11\Tyuiu.VolkovNS.Sprint1.Task2.V11.csproj", "{8CD8846B-EB08-42AD-BA2B-ACB81B5414C8}"
EndProject
Project("{FAE04EC0-301F-11D3-BF4B-00C04F79EFBC}") = "Tyuiu.VolkovNS.Sprint1.Task2.V11.Test", "Tyuiu.VolkovNS.Sprint1.Task2.V11.Test\Tyuiu.VolkovNS.Sprint1.Task2.V11.Test.csproj", "{5A3260B6-24F5-46B0-A35F-366985828A0A}"
EndProject
Project("{FAE04EC0-301F-11D3-BF4B-00C04F79EFBC}") = "Tyuiu.VolkovNS.Sprint1.Task2.V11.Lib", "Tyuiu.VolkovNS.Sprint1.Task2.V11.Lib\Tyuiu.VolkovNS.Sprint1.Task2.V11.Lib.csproj", "{17545EEE-F0D7-4A58-B9D1-01052F64CDAF}"
EndProject
Project("{2150E333-8FDC-42A3-9474-1A3956D46DE8}") = "Task3", "Task3", "{43BB4F4D-686F-49BD-B717-5529E5A1A315}"
EndProject
Project("{FAE04EC0-301F-11D3-BF4B-00C04F79EFBC}") = "Tyuiu.VolkovNS.Sprint1.Task3.V3", "Tyuiu.VolkovNS.Sprint1.Task3.V3\Tyuiu.VolkovNS.Sprint1.Task3.V3.csproj", "{FF21FB5A-F4B7-4A4C-97AF-223AE72420E3}"
EndProject
Project("{FAE04EC0-301F-11D3-BF4B-00C04F79EFBC}") = "Tyuiu.VolkovNS.Sprint1.Task3.V3.Lib", "Tyuiu.VolkovNS.Sprint1.Task3.V3.Lib\Tyuiu.VolkovNS.Sprint1.Task3.V3.Lib.csproj", "{3D3AC7DC-FF2E-44F9-B43C-4A928CEF127E}"
EndProject
Project("{FAE04EC0-301F-11D3-BF4B-00C04F79EFBC}") = "Tyuiu.VolkovNS.Sprint1.Task3.V3.Test", "Tyuiu.VolkovNS.Sprint1.Task3.V3.Test\Tyuiu.VolkovNS.Sprint1.Task3.V3.Test.csproj", "{EA091464-1B44-487E-8A2A-8699149EA31E}"
EndProject
Project("{2150E333-8FDC-42A3-9474-1A3956D46DE8}") = "Task4", "Task4", "{5B071A2C-8AD5-497A-9590-9408A9709FB0}"
EndProject
Project("{FAE04EC0-301F-11D3-BF4B-00C04F79EFBC}") = "Tyuiu.VolkovNS.Sprint1.Task4.V12", "Tyuiu.VolkovNS.Sprint1.Task4.V12\Tyuiu.VolkovNS.Sprint1.Task4.V12.csproj", "{E51703C7-A448-414E-945D-317748C21546}"
EndProject
Project("{FAE04EC0-301F-11D3-BF4B-00C04F79EFBC}") = "Tyuiu.VolkovNS.Sprint1.Task4.V12.Test", "Tyuiu.VolkovNS.Sprint1.Task4.V12.Test\Tyuiu.VolkovNS.Sprint1.Task4.V12.Test.csproj", "{833B941D-223F-4BD8-8130-613A965300BF}"
EndProject
Project("{FAE04EC0-301F-11D3-BF4B-00C04F79EFBC}") = "Tyuiu.VolkovNS.Sprint1.Task4.V12.Lib", "Tyuiu.VolkovNS.Sprint1.Task4.V12.Lib\Tyuiu.VolkovNS.Sprint1.Task4.V12.Lib.csproj", "{D2D4BE8B-DC2E-4CCF-8749-0C9731DCB185}"
EndProject
Project("{2150E333-8FDC-42A3-9474-1A3956D46DE8}") = "Task5", "Task5", "{E05BBC06-48C7-42D9-9B43-9C52FBA0195D}"
EndProject
Project("{FAE04EC0-301F-11D3-BF4B-00C04F79EFBC}") = "Tyuiu.VolkovNS.Sprint1.Task5.V7", "Tyuiu.VolkovNS.Sprint1.Task5.V7\Tyuiu.VolkovNS.Sprint1.Task5.V7.csproj", "{67B1B3D3-87C2-486F-A5DA-9651361557BF}"
EndProject
Project("{FAE04EC0-301F-11D3-BF4B-00C04F79EFBC}") = "Tyuiu.VolkovNS.Sprint1.Task5.V7.Lib", "Tyuiu.VolkovNS.Sprint1.Task5.V7.Lib\Tyuiu.VolkovNS.Sprint1.Task5.V7.Lib.csproj", "{B4C17937-53C1-46DF-870A-90E47DA6E290}"
EndProject
Project("{FAE04EC0-301F-11D3-BF4B-00C04F79EFBC}") = "Tyuiu.VolkovNS.Sprint1.Task5.V7.Test", "Tyuiu.VolkovNS.Sprint1.Task5.V7.Test\Tyuiu.VolkovNS.Sprint1.Task5.V7.Test.csproj", "{732CEE33-36A6-4991-BC7D-3579CD5506B6}"
EndProject
Project("{2150E333-8FDC-42A3-9474-1A3956D46DE8}") = "Task6", "Task6", "{9E21BDC0-F6FA-488E-A6C8-8A1566120B17}"
EndProject
Project("{FAE04EC0-301F-11D3-BF4B-00C04F79EFBC}") = "Tyuiu.VolkovNS.Sprint1.Task6.V17", "Tyuiu.VolkovNS.Sprint1.Task6.V17\Tyuiu.VolkovNS.Sprint1.Task6.V17.csproj", "{AF66852C-186A-4988-81FC-CAEBEB0C267C}"
EndProject
Project("{FAE04EC0-301F-11D3-BF4B-00C04F79EFBC}") = "Tyuiu.VolkovNS.Sprint1.Task6.V17.Test", "Tyuiu.VolkovNS.Sprint1.Task6.V17.Test\Tyuiu.VolkovNS.Sprint1.Task6.V17.Test.csproj", "{BE167631-F01B-4D4E-8CF5-A6902BDFA822}"
EndProject
Project("{FAE04EC0-301F-11D3-BF4B-00C04F79EFBC}") = "Tyuiu.VolkovNS.Sprint1.Task6.V17.Lib", "Tyuiu.VolkovNS.Sprint1.Task6.V17.Lib\Tyuiu.VolkovNS.Sprint1.Task6.V17.Lib.csproj", "{04DFC27B-6CF5-4E52-9AFF-96A60B6A45D3}"
EndProject
Project("{2150E333-8FDC-42A3-9474-1A3956D46DE8}") = "Task7", "Task7", "{E56D7651-1969-44A1-A308-BF6178C38461}"
EndProject
Project("{FAE04EC0-301F-11D3-BF4B-00C04F79EFBC}") = "Tyuiu.VolkovNS.Sprint1.Task7.V28", "Tyuiu.VolkovNS.Sprint1.Task7.V28\Tyuiu.VolkovNS.Sprint1.Task7.V28.csproj", "{263FE6CC-7031-4129-AF27-F9EC548FDC0C}"
EndProject
Project("{FAE04EC0-301F-11D3-BF4B-00C04F79EFBC}") = "Tyuiu.VolkovNS.Sprint1.Task7.V28.Lib", "Tyuiu.VolkovNS.Sprint1.Task7.V28.Lib\Tyuiu.VolkovNS.Sprint1.Task7.V28.Lib.csproj", "{1D6F611B-D510-4F4A-B353-D01F9BD71878}"
EndProject
Project("{FAE04EC0-301F-11D3-BF4B-00C04F79EFBC}") = "Tyuiu.VolkovNS.Sprint1.Task7.V28.Test", "Tyuiu.VolkovNS.Sprint1.Task7.V28.Test\Tyuiu.VolkovNS.Sprint1.Task7.V28.Test.csproj", "{3103FFFA-6386-45FB-963E-A40CB82C1D8D}"
EndProject
Global
	GlobalSection(SolutionConfigurationPlatforms) = preSolution
		Debug|Any CPU = Debug|Any CPU
		Release|Any CPU = Release|Any CPU
	EndGlobalSection
	GlobalSection(ProjectConfigurationPlatforms) = postSolution
		{FE5A84CD-C93D-4AA9-8974-35E84F4F5896}.Debug|Any CPU.ActiveCfg = Debug|Any CPU
		{FE5A84CD-C93D-4AA9-8974-35E84F4F5896}.Debug|Any CPU.Build.0 = Debug|Any CPU
		{FE5A84CD-C93D-4AA9-8974-35E84F4F5896}.Release|Any CPU.ActiveCfg = Release|Any CPU
		{FE5A84CD-C93D-4AA9-8974-35E84F4F5896}.Release|Any CPU.Build.0 = Release|Any CPU
		{D6C834E1-0B2F-421A-A26B-7B7DBF050BC6}.Debug|Any CPU.ActiveCfg = Debug|Any CPU
		{D6C834E1-0B2F-421A-A26B-7B7DBF050BC6}.Debug|Any CPU.Build.0 = Debug|Any CPU
		{D6C834E1-0B2F-421A-A26B-7B7DBF050BC6}.Release|Any CPU.ActiveCfg = Release|Any CPU
		{D6C834E1-0B2F-421A-A26B-7B7DBF050BC6}.Release|Any CPU.Build.0 = Release|Any CPU
		{FB4DBBC2-12A4-4953-B345-C55BD5FE3B3B}.Debug|Any CPU.ActiveCfg = Debug|Any CPU
		{FB4DBBC2-12A4-4953-B345-C55BD5FE3B3B}.Debug|Any CPU.Build.0 = Debug|Any CPU
		{FB4DBBC2-12A4-4953-B345-C55BD5FE3B3B}.Release|Any CPU.ActiveCfg = Release|Any CPU
		{FB4DBBC2-12A4-4953-B345-C55BD5FE3B3B}.Release|Any CPU.Build.0 = Release|Any CPU
		{DE7F186C-24D2-4248-8901-3802F54B3B89}.Debug|Any CPU.ActiveCfg = Debug|Any CPU
		{DE7F186C-24D2-4248-8901-3802F54B3B89}.Debug|Any CPU.Build.0 = Debug|Any CPU
		{DE7F186C-24D2-4248-8901-3802F54B3B89}.Release|Any CPU.ActiveCfg = Release|Any CPU
		{DE7F186C-24D2-4248-8901-3802F54B3B89}.Release|Any CPU.Build.0 = Release|Any CPU
		{554C28F8-892A-4CBF-B297-84C27F6A8396}.Debug|Any CPU.ActiveCfg = Debug|Any CPU
		{554C28F8-892A-4CBF-B297-84C27F6A8396}.Debug|Any CPU.Build.0 = Debug|Any CPU
		{554C28F8-892A-4CBF-B297-84C27F6A8396}.Release|Any CPU.ActiveCfg = Release|Any CPU
		{554C28F8-892A-4CBF-B297-84C27F6A8396}.Release|Any CPU.Build.0 = Release|Any CPU
		{A4B22D69-A973-4EBF-A62F-8E4104DD7F89}.Debug|Any CPU.ActiveCfg = Debug|Any CPU
		{A4B22D69-A973-4EBF-A62F-8E4104DD7F89}.Debug|Any CPU.Build.0 = Debug|Any CPU
		{A4B22D69-A973-4EBF-A62F-8E4104DD7F89}.Release|Any CPU.ActiveCfg = Release|Any CPU
		{A4B22D69-A973-4EBF-A62F-8E4104DD7F89}.Release|Any CPU.Build.0 = Release|Any CPU
		{8CD8846B-EB08-42AD-BA2B-ACB81B5414C8}.Debug|Any CPU.ActiveCfg = Debug|Any CPU
		{8CD8846B-EB08-42AD-BA2B-ACB81B5414C8}.Debug|Any CPU.Build.0 = Debug|Any CPU
		{8CD8846B-EB08-42AD-BA2B-ACB81B5414C8}.Release|Any CPU.ActiveCfg = Release|Any CPU
		{8CD8846B-EB08-42AD-BA2B-ACB81B5414C8}.Release|Any CPU.Build.0 = Release|Any CPU
		{5A3260B6-24F5-46B0-A35F-366985828A0A}.Debug|Any CPU.ActiveCfg = Debug|Any CPU
		{5A3260B6-24F5-46B0-A35F-366985828A0A}.Debug|Any CPU.Build.0 = Debug|Any CPU
		{5A3260B6-24F5-46B0-A35F-366985828A0A}.Release|Any CPU.ActiveCfg = Release|Any CPU
		{5A3260B6-24F5-46B0-A35F-366985828A0A}.Release|Any CPU.Build.0 = Release|Any CPU
		{17545EEE-F0D7-4A58-B9D1-01052F64CDAF}.Debug|Any CPU.ActiveCfg = Debug|Any CPU
		{17545EEE-F0D7-4A58-B9D1-01052F64CDAF}.Debug|Any CPU.Build.0 = Debug|Any CPU
		{17545EEE-F0D7-4A58-B9D1-01052F64CDAF}.Release|Any CPU.ActiveCfg = Release|Any CPU
		{17545EEE-F0D7-4A58-B9D1-01052F64CDAF}.Release|Any CPU.Build.0 = Release|Any CPU
		{FF21FB5A-F4B7-4A4C-97AF-223AE72420E3}.Debug|Any CPU.ActiveCfg = Debug|Any CPU
		{FF21FB5A-F4B7-4A4C-97AF-223AE72420E3}.Debug|Any CPU.Build.0 = Debug|Any CPU
		{FF21FB5A-F4B7-4A4C-97AF-223AE72420E3}.Release|Any CPU.ActiveCfg = Release|Any CPU
		{FF21FB5A-F4B7-4A4C-97AF-223AE72420E3}.Release|Any CPU.Build.0 = Release|Any CPU
		{3D3AC7DC-FF2E-44F9-B43C-4A928CEF127E}.Debug|Any CPU.ActiveCfg = Debug|Any CPU
		{3D3AC7DC-FF2E-44F9-B43C-4A928CEF127E}.Debug|Any CPU.Build.0 = Debug|Any CPU
		{3D3AC7DC-FF2E-44F9-B43C-4A928CEF127E}.Release|Any CPU.ActiveCfg = Release|Any CPU
		{3D3AC7DC-FF2E-44F9-B43C-4A928CEF127E}.Release|Any CPU.Build.0 = Release|Any CPU
		{EA091464-1B44-487E-8A2A-8699149EA31E}.Debug|Any CPU.ActiveCfg = Debug|Any CPU
		{EA091464-1B44-487E-8A2A-8699149EA31E}.Debug|Any CPU.Build.0 = Debug|Any CPU
		{EA091464-1B44-487E-8A2A-8699149EA31E}.Release|Any CPU.ActiveCfg = Release|Any CPU
		{EA091464-1B44-487E-8A2A-8699149EA31E}.Release|Any CPU.Build.0 = Release|Any CPU
		{E51703C7-A448-414E-945D-317748C21546}.Debug|Any CPU.ActiveCfg = Debug|Any CPU
		{E51703C7-A448-414E-945D-317748C21546}.Debug|Any CPU.Build.0 = Debug|Any CPU
		{E51703C7-A448-414E-945D-317748C21546}.Release|Any CPU.ActiveCfg = Release|Any CPU
		{E51703C7-A448-414E-945D-317748C21546}.Release|Any CPU.Build.0 = Release|Any CPU
		{833B941D-223F-4BD8-8130-613A965300BF}.Debug|Any CPU.ActiveCfg = Debug|Any CPU
		{833B941D-223F-4BD8-8130-613A965300BF}.Debug|Any CPU.Build.0 = Debug|Any CPU
		{833B941D-223F-4BD8-8130-613A965300BF}.Release|Any CPU.ActiveCfg = Release|Any CPU
		{833B941D-223F-4BD8-8130-613A965300BF}.Release|Any CPU.Build.0 = Release|Any CPU
		{D2D4BE8B-DC2E-4CCF-8749-0C9731DCB185}.Debug|Any CPU.ActiveCfg = Debug|Any CPU
		{D2D4BE8B-DC2E-4CCF-8749-0C9731DCB185}.Debug|Any CPU.Build.0 = Debug|Any CPU
		{D2D4BE8B-DC2E-4CCF-8749-0C9731DCB185}.Release|Any CPU.ActiveCfg = Release|Any CPU
		{D2D4BE8B-DC2E-4CCF-8749-0C9731DCB185}.Release|Any CPU.Build.0 = Release|Any CPU
		{67B1B3D3-87C2-486F-A5DA-9651361557BF}.Debug|Any CPU.ActiveCfg = Debug|Any CPU
		{67B1B3D3-87C2-486F-A5DA-9651361557BF}.Debug|Any CPU.Build.0 = Debug|Any CPU
		{67B1B3D3-87C2-486F-A5DA-9651361557BF}.Release|Any CPU.ActiveCfg = Release|Any CPU
		{67B1B3D3-87C2-486F-A5DA-9651361557BF}.Release|Any CPU.Build.0 = Release|Any CPU
		{B4C17937-53C1-46DF-870A-90E47DA6E290}.Debug|Any CPU.ActiveCfg = Debug|Any CPU
		{B4C17937-53C1-46DF-870A-90E47DA6E290}.Debug|Any CPU.Build.0 = Debug|Any CPU
		{B4C17937-53C1-46DF-870A-90E47DA6E290}.Release|Any CPU.ActiveCfg = Release|Any CPU
		{B4C17937-53C1-46DF-870A-90E47DA6E290}.Release|Any CPU.Build.0 = Release|Any CPU
		{732CEE33-36A6-4991-BC7D-3579CD5506B6}.Debug|Any CPU.ActiveCfg = Debug|Any CPU
		{732CEE33-36A6-4991-BC7D-3579CD5506B6}.Debug|Any CPU.Build.0 = Debug|Any CPU
		{732CEE33-36A6-4991-BC7D-3579CD5506B6}.Release|Any CPU.ActiveCfg = Release|Any CPU
		{732CEE33-36A6-4991-BC7D-3579CD5506B6}.Release|Any CPU.Build.0 = Release|Any CPU
		{AF66852C-186A-4988-81FC-CAEBEB0C267C}.Debug|Any CPU.ActiveCfg = Debug|Any CPU
		{AF66852C-186A-4988-81FC-CAEBEB0C267C}.Debug|Any CPU.Build.0 = Debug|Any CPU
		{AF66852C-186A-4988-81FC-CAEBEB0C267C}.Release|Any CPU.ActiveCfg = Release|Any CPU
		{AF66852C-186A-4988-81FC-CAEBEB0C267C}.Release|Any CPU.Build.0 = Release|Any CPU
		{BE167631-F01B-4D4E-8CF5-A6902BDFA822}.Debug|Any CPU.ActiveCfg = Debug|Any CPU
		{BE167631-F01B-4D4E-8CF5-A6902BDFA822}.Debug|Any CPU.Build.0 = Debug|Any CPU
		{BE167631-F01B-4D4E-8CF5-A6902BDFA822}.Release|Any CPU.ActiveCfg = Release|Any CPU
		{BE167631-F01B-4D4E-8CF5-A6902BDFA822}.Release|Any CPU.Build.0 = Release|Any CPU
		{04DFC27B-6CF5-4E52-9AFF-96A60B6A45D3}.Debug|Any CPU.ActiveCfg = Debug|Any CPU
		{04DFC27B-6CF5-4E52-9AFF-96A60B6A45D3}.Debug|Any CPU.Build.0 = Debug|Any CPU
		{04DFC27B-6CF5-4E52-9AFF-96A60B6A45D3}.Release|Any CPU.ActiveCfg = Release|Any CPU
		{04DFC27B-6CF5-4E52-9AFF-96A60B6A45D3}.Release|Any CPU.Build.0 = Release|Any CPU
		{263FE6CC-7031-4129-AF27-F9EC548FDC0C}.Debug|Any CPU.ActiveCfg = Debug|Any CPU
		{263FE6CC-7031-4129-AF27-F9EC548FDC0C}.Debug|Any CPU.Build.0 = Debug|Any CPU
		{263FE6CC-7031-4129-AF27-F9EC548FDC0C}.Release|Any CPU.ActiveCfg = Release|Any CPU
		{263FE6CC-7031-4129-AF27-F9EC548FDC0C}.Release|Any CPU.Build.0 = Release|Any CPU
		{1D6F611B-D510-4F4A-B353-D01F9BD71878}.Debug|Any CPU.ActiveCfg = Debug|Any CPU
		{1D6F611B-D510-4F4A-B353-D01F9BD71878}.Debug|Any CPU.Build.0 = Debug|Any CPU
		{1D6F611B-D510-4F4A-B353-D01F9BD71878}.Release|Any CPU.ActiveCfg = Release|Any CPU
		{1D6F611B-D510-4F4A-B353-D01F9BD71878}.Release|Any CPU.Build.0 = Release|Any CPU
		{3103FFFA-6386-45FB-963E-A40CB82C1D8D}.Debug|Any CPU.ActiveCfg = Debug|Any CPU
		{3103FFFA-6386-45FB-963E-A40CB82C1D8D}.Debug|Any CPU.Build.0 = Debug|Any CPU
		{3103FFFA-6386-45FB-963E-A40CB82C1D8D}.Release|Any CPU.ActiveCfg = Release|Any CPU
		{3103FFFA-6386-45FB-963E-A40CB82C1D8D}.Release|Any CPU.Build.0 = Release|Any CPU
	EndGlobalSection
	GlobalSection(SolutionProperties) = preSolution
		HideSolutionNode = FALSE
	EndGlobalSection
	GlobalSection(NestedProjects) = preSolution
		{FE5A84CD-C93D-4AA9-8974-35E84F4F5896} = {02EA681E-C7D8-13C7-8484-4AC65E1B71E8}
		{D6C834E1-0B2F-421A-A26B-7B7DBF050BC6} = {02EA681E-C7D8-13C7-8484-4AC65E1B71E8}
		{FB4DBBC2-12A4-4953-B345-C55BD5FE3B3B} = {02EA681E-C7D8-13C7-8484-4AC65E1B71E8}
		{DE7F186C-24D2-4248-8901-3802F54B3B89} = {EE280B4A-FF4A-4064-B75F-B5604C7C63CC}
		{554C28F8-892A-4CBF-B297-84C27F6A8396} = {EE280B4A-FF4A-4064-B75F-B5604C7C63CC}
		{A4B22D69-A973-4EBF-A62F-8E4104DD7F89} = {EE280B4A-FF4A-4064-B75F-B5604C7C63CC}
		{8CD8846B-EB08-42AD-BA2B-ACB81B5414C8} = {07C7AD8E-1AAF-4C03-BA64-580E5EB3E961}
		{5A3260B6-24F5-46B0-A35F-366985828A0A} = {07C7AD8E-1AAF-4C03-BA64-580E5EB3E961}
		{17545EEE-F0D7-4A58-B9D1-01052F64CDAF} = {07C7AD8E-1AAF-4C03-BA64-580E5EB3E961}
		{FF21FB5A-F4B7-4A4C-97AF-223AE72420E3} = {43BB4F4D-686F-49BD-B717-5529E5A1A315}
		{3D3AC7DC-FF2E-44F9-B43C-4A928CEF127E} = {43BB4F4D-686F-49BD-B717-5529E5A1A315}
		{EA091464-1B44-487E-8A2A-8699149EA31E} = {43BB4F4D-686F-49BD-B717-5529E5A1A315}
		{E51703C7-A448-414E-945D-317748C21546} = {5B071A2C-8AD5-497A-9590-9408A9709FB0}
		{833B941D-223F-4BD8-8130-613A965300BF} = {5B071A2C-8AD5-497A-9590-9408A9709FB0}
		{D2D4BE8B-DC2E-4CCF-8749-0C9731DCB185} = {5B071A2C-8AD5-497A-9590-9408A9709FB0}
		{67B1B3D3-87C2-486F-A5DA-9651361557BF} = {E05BBC06-48C7-42D9-9B43-9C52FBA0195D}
		{B4C17937-53C1-46DF-870A-90E47DA6E290} = {E05BBC06-48C7-42D9-9B43-9C52FBA0195D}
		{732CEE33-36A6-4991-BC7D-3579CD5506B6} = {E05BBC06-48C7-42D9-9B43-9C52FBA0195D}
		{AF66852C-186A-4988-81FC-CAEBEB0C267C} = {9E21BDC0-F6FA-488E-A6C8-8A1566120B17}
		{BE167631-F01B-4D4E-8CF5-A6902BDFA822} = {9E21BDC0-F6FA-488E-A6C8-8A1566120B17}
		{04DFC27B-6CF5-4E52-9AFF-96A60B6A45D3} = {9E21BDC0-F6FA-488E-A6C8-8A1566120B17}
		{263FE6CC-7031-4129-AF27-F9EC548FDC0C} = {E56D7651-1969-44A1-A308-BF6178C38461}
		{1D6F611B-D510-4F4A-B353-D01F9BD71878} = {E56D7651-1969-44A1-A308-BF6178C38461}
		{3103FFFA-6386-45FB-963E-A40CB82C1D8D} = {E56D7651-1969-44A1-A308-BF6178C38461}
	EndGlobalSection
	GlobalSection(ExtensibilityGlobals) = postSolution
		SolutionGuid = {DCEA8451-F0CD-478E-98A7-AA0F3F33D652}
	EndGlobalSection
EndGlobal
